<?xml version="1.0" encoding="utf-8"?>
<Project ToolsVersion="4.0" xmlns="http://schemas.microsoft.com/developer/msbuild/2003">
  <ItemGroup>
    <Filter Include="Source Files">
      <UniqueIdentifier>{4FC737F1-C7A5-4376-A066-2A32D752A2FF}</UniqueIdentifier>
      <Extensions>cpp;c;cc;cxx;def;odl;idl;hpj;bat;asm;asmx</Extensions>
    </Filter>
    <Filter Include="Header Files">
      <UniqueIdentifier>{93995380-89BD-4b04-88EB-625FBE52EBFB}</UniqueIdentifier>
      <Extensions>h;hpp;hxx;hm;inl;inc;xsd</Extensions>
    </Filter>
    <Filter Include="Resource Files">
      <UniqueIdentifier>{67DA6AB6-F800-4c08-8B7A-83BB121AAD01}</UniqueIdentifier>
      <Extensions>rc;ico;cur;bmp;dlg;rc2;rct;bin;rgs;gif;jpg;jpeg;jpe;resx;tiff;tif;png;wav</Extensions>
    </Filter>
  </ItemGroup>
  <ItemGroup>
    <ClCompile Include="application\stdafx.cpp">
      <Filter>Source Files</Filter>
    </ClCompile>
    <ClCompile Include="application\mfcconsole.cpp">
      <Filter>Source Files</Filter>
    </ClCompile>
    <ClCompile Include="application\SPLASH.cpp">
      <Filter>Source Files</Filter>
    </ClCompile>
    <ClCompile Include="application\DecaRanging.cpp">
      <Filter>Source Files</Filter>
    </ClCompile>
    <ClCompile Include="application\instance.c">
      <Filter>Source Files</Filter>
    </ClCompile>
    <ClCompile Include="application\instance_log.c">
      <Filter>Source Files</Filter>
    </ClCompile>
    <ClCompile Include="decadriver\deca_device.c">
      <Filter>Source Files</Filter>
    </ClCompile>
    <ClCompile Include="platform\cheetah.c">
      <Filter>Source Files</Filter>
    </ClCompile>
    <ClCompile Include="platform\deca_spi.c">
      <Filter>Source Files</Filter>
    </ClCompile>
    <ClCompile Include="application\deca_util.c">
      <Filter>Source Files</Filter>
    </ClCompile>
    <ClCompile Include="platform\deca_mutex.c">
      <Filter>Source Files</Filter>
    </ClCompile>
    <ClCompile Include="platform\comport.c">
      <Filter>Source Files</Filter>
    </ClCompile>
    <ClCompile Include="platform\deca_vcspi.c">
      <Filter>Source Files</Filter>
    </ClCompile>
    <ClCompile Include="decadriver\deca_range_tables.c">
      <Filter>Source Files</Filter>
    </ClCompile>
    <ClCompile Include="application\instance_calib.c">
      <Filter>Source Files</Filter>
    </ClCompile>
    <ClCompile Include="decadriver\deca_params_init.c">
      <Filter>Source Files</Filter>
    </ClCompile>
    <ClCompile Include="application\instance_common.c">
      <Filter>Source Files</Filter>
    </ClCompile>
  </ItemGroup>
  <ItemGroup>
    <ClInclude Include="compiler\compiler.h">
      <Filter>Header Files</Filter>
    </ClInclude>
    <ClInclude Include="application\Resource.h">
      <Filter>Header Files</Filter>
    </ClInclude>
    <ClInclude Include="application\SPLASH.h">
      <Filter>Header Files</Filter>
    </ClInclude>
    <ClInclude Include="application\stdafx.h">
      <Filter>Header Files</Filter>
    </ClInclude>
    <ClInclude Include="application\targetver.h">
      <Filter>Header Files</Filter>
    </ClInclude>
    <ClInclude Include="application\DecaRanging.h">
      <Filter>Header Files</Filter>
    </ClInclude>
    <ClInclude Include="application\DecaRanging_Ver.h">
      <Filter>Header Files</Filter>
    </ClInclude>
    <ClInclude Include="application\instance.h">
      <Filter>Header Files</Filter>
    </ClInclude>
    <ClInclude Include="decadriver\deca_device_api.h">
      <Filter>Header Files</Filter>
    </ClInclude>
    <ClInclude Include="decadriver\deca_param_types.h">
      <Filter>Header Files</Filter>
    </ClInclude>
    <ClInclude Include="decadriver\deca_regs.h">
      <Filter>Header Files</Filter>
    </ClInclude>
    <ClInclude Include="decadriver\deca_version.h">
      <Filter>Header Files</Filter>
    </ClInclude>
    <ClInclude Include="platform\cheetah.h">
      <Filter>Header Files</Filter>
    </ClInclude>
    <ClInclude Include="platform\deca_spi.h">
      <Filter>Header Files</Filter>
    </ClInclude>
    <ClInclude Include="platform\deca_spinit.h">
      <Filter>Header Files</Filter>
    </ClInclude>
    <ClInclude Include="application\deca_util.h">
      <Filter>Header Files</Filter>
    </ClInclude>
    <ClInclude Include="decadriver\deca_types.h">
      <Filter>Header Files</Filter>
    </ClInclude>
    <ClInclude Include="platform\comport.h">
      <Filter>Header Files</Filter>
    </ClInclude>
    <ClInclude Include="platform\deca_vcspi.h">
      <Filter>Header Files</Filter>
    </ClInclude>
    <ClInclude Include="application\lib.h">
      <Filter>Header Files</Filter>
    </ClInclude>
  </ItemGroup>
  <ItemGroup>
    <None Include="decaRanging_version_notes.txt" />
    <None Include="application\DecaRanging.ico">
      <Filter>Resource Files</Filter>
    </None>
    <None Include="application\small.ico">
      <Filter>Resource Files</Filter>
    </None>
  </ItemGroup>
  <ItemGroup>
    <ResourceCompile Include="application\DecaRanging.rc">
      <Filter>Resource Files</Filter>
    </ResourceCompile>
  </ItemGroup>
</Project>